
Microsoft Visual Studio Solution File, Format Version 12.00
# Visual Studio 14
VisualStudioVersion = 14.0.25123.0
MinimumVisualStudioVersion = 10.0.40219.1
Project("{FAE04EC0-301F-11D3-BF4B-00C04F79EFBC}") = "carClient", "carClient\carClient.csproj", "{DE0EC03E-A32E-41EA-A74A-63C3244F64D0}"
EndProject
Project("{54435603-DBB4-11D2-8724-00A0C9A8B90C}") = "Setup", "Setup\Setup.vdproj", "{4F052C36-2810-41FA-9CCF-91BD4463BBDE}"
	ProjectSection(ProjectDependencies) = postProject
		{DE0EC03E-A32E-41EA-A74A-63C3244F64D0} = {DE0EC03E-A32E-41EA-A74A-63C3244F64D0}
	EndProjectSection
EndProject
Global
	GlobalSection(SolutionConfigurationPlatforms) = preSolution
		Debug|x64 = Debug|x64
		Debug|x86 = Debug|x86
		Release|x64 = Release|x64
		Release|x86 = Release|x86
	EndGlobalSection
	GlobalSection(ProjectConfigurationPlatforms) = postSolution
		{DE0EC03E-A32E-41EA-A74A-63C3244F64D0}.Debug|x64.ActiveCfg = Release|x64
		{DE0EC03E-A32E-41EA-A74A-63C3244F64D0}.Debug|x64.Build.0 = Release|x64
		{DE0EC03E-A32E-41EA-A74A-63C3244F64D0}.Debug|x86.ActiveCfg = Debug|x86
		{DE0EC03E-A32E-41EA-A74A-63C3244F64D0}.Debug|x86.Build.0 = Debug|x86
		{DE0EC03E-A32E-41EA-A74A-63C3244F64D0}.Release|x64.ActiveCfg = Release|x64
		{DE0EC03E-A32E-41EA-A74A-63C3244F64D0}.Release|x64.Build.0 = Release|x64
		{DE0EC03E-A32E-41EA-A74A-63C3244F64D0}.Release|x86.ActiveCfg = Release|x86
		{DE0EC03E-A32E-41EA-A74A-63C3244F64D0}.Release|x86.Build.0 = Release|x86
		{4F052C36-2810-41FA-9CCF-91BD4463BBDE}.Debug|x64.ActiveCfg = Release
		{4F052C36-2810-41FA-9CCF-91BD4463BBDE}.Debug|x64.Build.0 = Release
		{4F052C36-2810-41FA-9CCF-91BD4463BBDE}.Debug|x64.Deploy.0 = Release
		{4F052C36-2810-41FA-9CCF-91BD4463BBDE}.Debug|x86.ActiveCfg = Debug
		{4F052C36-2810-41FA-9CCF-91BD4463BBDE}.Release|x64.ActiveCfg = Release
		{4F052C36-2810-41FA-9CCF-91BD4463BBDE}.Release|x64.Build.0 = Release
		{4F052C36-2810-41FA-9CCF-91BD4463BBDE}.Release|x86.ActiveCfg = Release
	EndGlobalSection
	GlobalSection(SolutionProperties) = preSolution
		HideSolutionNode = FALSE
	EndGlobalSection
EndGlobal
